
Microsoft Visual Studio Solution File, Format Version 12.00
# Visual Studio 15
VisualStudioVersion = 15.0.28010.2050
MinimumVisualStudioVersion = 10.0.40219.1
Project("{8BC9CEB8-8B4A-11D0-8D11-00A0C91BC942}") = "EverythingTest", "EverythingTest\EverythingTest.vcxproj", "{D8990CE2-BE07-4530-A52F-DE33D24B74E3}"
EndProject
Project("{8BC9CEB8-8B4A-11D0-8D11-00A0C91BC942}") = "learn_cpp", "learn_cpp\learn_cpp.vcxproj", "{A3CD2247-7688-43E1-BEC6-2E672D4C4C85}"
EndProject
Project("{8BC9CEB8-8B4A-11D0-8D11-00A0C91BC942}") = "helloWorld", "helloWorld\helloWorld.vcxproj", "{0AFE03EA-1675-480B-85CD-2CA0F67C2198}"
EndProject
Project("{8BC9CEB8-8B4A-11D0-8D11-00A0C91BC942}") = "string_test", "string_test\string_test.vcxproj", "{1B751AE7-966C-4039-A96A-B65611827828}"
EndProject
Project("{8BC9CEB8-8B4A-11D0-8D11-00A0C91BC942}") = "nowcoder", "深信服\深信服.vcxproj", "{E3928B10-A881-4802-A096-FFA7D645734B}"
EndProject
Project("{8BC9CEB8-8B4A-11D0-8D11-00A0C91BC942}") = "Project1", "Project1\Project1.vcxproj", "{D1CE9F8A-B23B-4C29-9C62-5D2DE79CCCBA}"
EndProject
Project("{8BC9CEB8-8B4A-11D0-8D11-00A0C91BC942}") = "算法实验", "算法实验\算法实验.vcxproj", "{EE5B7D12-0A13-4318-A085-4C194201304B}"
EndProject
Project("{8BC9CEB8-8B4A-11D0-8D11-00A0C91BC942}") = "thread_1", "thread_1\thread_1.vcxproj", "{30DFD7C7-F8B4-4775-8ECC-D80CF4EC630E}"
EndProject
Project("{8BC9CEB8-8B4A-11D0-8D11-00A0C91BC942}") = "gobang", "gobang\gobang.vcxproj", "{D1EBE12A-3213-4D4C-B155-4F29A354AA7B}"
EndProject
Global
	GlobalSection(SolutionConfigurationPlatforms) = preSolution
		Debug|x64 = Debug|x64
		Debug|x86 = Debug|x86
		Release|x64 = Release|x64
		Release|x86 = Release|x86
	EndGlobalSection
	GlobalSection(ProjectConfigurationPlatforms) = postSolution
		{D8990CE2-BE07-4530-A52F-DE33D24B74E3}.Debug|x64.ActiveCfg = Debug|x64
		{D8990CE2-BE07-4530-A52F-DE33D24B74E3}.Debug|x64.Build.0 = Debug|x64
		{D8990CE2-BE07-4530-A52F-DE33D24B74E3}.Debug|x86.ActiveCfg = Debug|Win32
		{D8990CE2-BE07-4530-A52F-DE33D24B74E3}.Debug|x86.Build.0 = Debug|Win32
		{D8990CE2-BE07-4530-A52F-DE33D24B74E3}.Release|x64.ActiveCfg = Release|x64
		{D8990CE2-BE07-4530-A52F-DE33D24B74E3}.Release|x64.Build.0 = Release|x64
		{D8990CE2-BE07-4530-A52F-DE33D24B74E3}.Release|x86.ActiveCfg = Release|Win32
		{D8990CE2-BE07-4530-A52F-DE33D24B74E3}.Release|x86.Build.0 = Release|Win32
		{A3CD2247-7688-43E1-BEC6-2E672D4C4C85}.Debug|x64.ActiveCfg = Debug|x64
		{A3CD2247-7688-43E1-BEC6-2E672D4C4C85}.Debug|x64.Build.0 = Debug|x64
		{A3CD2247-7688-43E1-BEC6-2E672D4C4C85}.Debug|x86.ActiveCfg = Debug|Win32
		{A3CD2247-7688-43E1-BEC6-2E672D4C4C85}.Debug|x86.Build.0 = Debug|Win32
		{A3CD2247-7688-43E1-BEC6-2E672D4C4C85}.Release|x64.ActiveCfg = Release|x64
		{A3CD2247-7688-43E1-BEC6-2E672D4C4C85}.Release|x64.Build.0 = Release|x64
		{A3CD2247-7688-43E1-BEC6-2E672D4C4C85}.Release|x86.ActiveCfg = Release|Win32
		{A3CD2247-7688-43E1-BEC6-2E672D4C4C85}.Release|x86.Build.0 = Release|Win32
		{0AFE03EA-1675-480B-85CD-2CA0F67C2198}.Debug|x64.ActiveCfg = Debug|x64
		{0AFE03EA-1675-480B-85CD-2CA0F67C2198}.Debug|x64.Build.0 = Debug|x64
		{0AFE03EA-1675-480B-85CD-2CA0F67C2198}.Debug|x86.ActiveCfg = Debug|Win32
		{0AFE03EA-1675-480B-85CD-2CA0F67C2198}.Debug|x86.Build.0 = Debug|Win32
		{0AFE03EA-1675-480B-85CD-2CA0F67C2198}.Release|x64.ActiveCfg = Release|x64
		{0AFE03EA-1675-480B-85CD-2CA0F67C2198}.Release|x64.Build.0 = Release|x64
		{0AFE03EA-1675-480B-85CD-2CA0F67C2198}.Release|x86.ActiveCfg = Release|Win32
		{0AFE03EA-1675-480B-85CD-2CA0F67C2198}.Release|x86.Build.0 = Release|Win32
		{1B751AE7-966C-4039-A96A-B65611827828}.Debug|x64.ActiveCfg = Debug|x64
		{1B751AE7-966C-4039-A96A-B65611827828}.Debug|x64.Build.0 = Debug|x64
		{1B751AE7-966C-4039-A96A-B65611827828}.Debug|x86.ActiveCfg = Debug|Win32
		{1B751AE7-966C-4039-A96A-B65611827828}.Debug|x86.Build.0 = Debug|Win32
		{1B751AE7-966C-4039-A96A-B65611827828}.Release|x64.ActiveCfg = Release|x64
		{1B751AE7-966C-4039-A96A-B65611827828}.Release|x64.Build.0 = Release|x64
		{1B751AE7-966C-4039-A96A-B65611827828}.Release|x86.ActiveCfg = Release|Win32
		{1B751AE7-966C-4039-A96A-B65611827828}.Release|x86.Build.0 = Release|Win32
		{E3928B10-A881-4802-A096-FFA7D645734B}.Debug|x64.ActiveCfg = Debug|x64
		{E3928B10-A881-4802-A096-FFA7D645734B}.Debug|x64.Build.0 = Debug|x64
		{E3928B10-A881-4802-A096-FFA7D645734B}.Debug|x86.ActiveCfg = Debug|Win32
		{E3928B10-A881-4802-A096-FFA7D645734B}.Debug|x86.Build.0 = Debug|Win32
		{E3928B10-A881-4802-A096-FFA7D645734B}.Release|x64.ActiveCfg = Release|x64
		{E3928B10-A881-4802-A096-FFA7D645734B}.Release|x64.Build.0 = Release|x64
		{E3928B10-A881-4802-A096-FFA7D645734B}.Release|x86.ActiveCfg = Release|Win32
		{E3928B10-A881-4802-A096-FFA7D645734B}.Release|x86.Build.0 = Release|Win32
		{D1CE9F8A-B23B-4C29-9C62-5D2DE79CCCBA}.Debug|x64.ActiveCfg = Debug|x64
		{D1CE9F8A-B23B-4C29-9C62-5D2DE79CCCBA}.Debug|x64.Build.0 = Debug|x64
		{D1CE9F8A-B23B-4C29-9C62-5D2DE79CCCBA}.Debug|x86.ActiveCfg = Debug|Win32
		{D1CE9F8A-B23B-4C29-9C62-5D2DE79CCCBA}.Debug|x86.Build.0 = Debug|Win32
		{D1CE9F8A-B23B-4C29-9C62-5D2DE79CCCBA}.Release|x64.ActiveCfg = Release|x64
		{D1CE9F8A-B23B-4C29-9C62-5D2DE79CCCBA}.Release|x64.Build.0 = Release|x64
		{D1CE9F8A-B23B-4C29-9C62-5D2DE79CCCBA}.Release|x86.ActiveCfg = Release|Win32
		{D1CE9F8A-B23B-4C29-9C62-5D2DE79CCCBA}.Release|x86.Build.0 = Release|Win32
		{EE5B7D12-0A13-4318-A085-4C194201304B}.Debug|x64.ActiveCfg = Debug|x64
		{EE5B7D12-0A13-4318-A085-4C194201304B}.Debug|x64.Build.0 = Debug|x64
		{EE5B7D12-0A13-4318-A085-4C194201304B}.Debug|x86.ActiveCfg = Debug|Win32
		{EE5B7D12-0A13-4318-A085-4C194201304B}.Debug|x86.Build.0 = Debug|Win32
		{EE5B7D12-0A13-4318-A085-4C194201304B}.Release|x64.ActiveCfg = Release|x64
		{EE5B7D12-0A13-4318-A085-4C194201304B}.Release|x64.Build.0 = Release|x64
		{EE5B7D12-0A13-4318-A085-4C194201304B}.Release|x86.ActiveCfg = Release|Win32
		{EE5B7D12-0A13-4318-A085-4C194201304B}.Release|x86.Build.0 = Release|Win32
		{30DFD7C7-F8B4-4775-8ECC-D80CF4EC630E}.Debug|x64.ActiveCfg = Debug|x64
		{30DFD7C7-F8B4-4775-8ECC-D80CF4EC630E}.Debug|x64.Build.0 = Debug|x64
		{30DFD7C7-F8B4-4775-8ECC-D80CF4EC630E}.Debug|x86.ActiveCfg = Debug|Win32
		{30DFD7C7-F8B4-4775-8ECC-D80CF4EC630E}.Debug|x86.Build.0 = Debug|Win32
		{30DFD7C7-F8B4-4775-8ECC-D80CF4EC630E}.Release|x64.ActiveCfg = Release|x64
		{30DFD7C7-F8B4-4775-8ECC-D80CF4EC630E}.Release|x64.Build.0 = Release|x64
		{30DFD7C7-F8B4-4775-8ECC-D80CF4EC630E}.Release|x86.ActiveCfg = Release|Win32
		{30DFD7C7-F8B4-4775-8ECC-D80CF4EC630E}.Release|x86.Build.0 = Release|Win32
		{D1EBE12A-3213-4D4C-B155-4F29A354AA7B}.Debug|x64.ActiveCfg = Debug|x64
		{D1EBE12A-3213-4D4C-B155-4F29A354AA7B}.Debug|x64.Build.0 = Debug|x64
		{D1EBE12A-3213-4D4C-B155-4F29A354AA7B}.Debug|x86.ActiveCfg = Debug|Win32
		{D1EBE12A-3213-4D4C-B155-4F29A354AA7B}.Debug|x86.Build.0 = Debug|Win32
		{D1EBE12A-3213-4D4C-B155-4F29A354AA7B}.Release|x64.ActiveCfg = Release|x64
		{D1EBE12A-3213-4D4C-B155-4F29A354AA7B}.Release|x64.Build.0 = Release|x64
		{D1EBE12A-3213-4D4C-B155-4F29A354AA7B}.Release|x86.ActiveCfg = Release|Win32
		{D1EBE12A-3213-4D4C-B155-4F29A354AA7B}.Release|x86.Build.0 = Release|Win32
	EndGlobalSection
	GlobalSection(SolutionProperties) = preSolution
		HideSolutionNode = FALSE
	EndGlobalSection
	GlobalSection(ExtensibilityGlobals) = postSolution
		SolutionGuid = {3033958C-AA68-4D33-AF83-BA4E6C45CE0D}
	EndGlobalSection
EndGlobal
